{
    "requires": true,
    "lockfileVersion": 1,
    "dependencies": {
        "@ionic-native/social-sharing": {
            "version": "4.20.0",
            "resolved": "https://registry.npmjs.org/@ionic-native/social-sharing/-/social-sharing-4.20.0.tgz",
            "integrity": "sha512-mUCjozvaMp09UU2L9qTabw6JgVcvSxGVMJq069Oh66llgCiiGUbsKyqtbU7RIRMp74lJLZVZvxFlvfUP8hZ/Jw=="
        }
    }
}
